// !$*UTF8*$!
{
	archiveVersion = 1;
	classes = {
	};
	objectVersion = 50;
	objects = {

/* Begin PBXBuildFile section */
		4708183C214A86B500B213A2 /* CreateViewController.swift in Sources */ = {isa = PBXBuildFile; fileRef = 4708183B214A86B500B213A2 /* CreateViewController.swift */; };
		4708183E214A89A500B213A2 /* ListTableViewCell.swift in Sources */ = {isa = PBXBuildFile; fileRef = 4708183D214A89A500B213A2 /* ListTableViewCell.swift */; };
		47081840214A973C00B213A2 /* Extension.swift in Sources */ = {isa = PBXBuildFile; fileRef = 4708183F214A973C00B213A2 /* Extension.swift */; };
		47081844214A997200B213A2 /* VerticallyCenteredTextView.swift in Sources */ = {isa = PBXBuildFile; fileRef = 47081843214A997200B213A2 /* VerticallyCenteredTextView.swift */; };
		471348DA2131BEF700C10F6F /* ListViewController.swift in Sources */ = {isa = PBXBuildFile; fileRef = 471348D92131BEF700C10F6F /* ListViewController.swift */; };
		47192B55215927D400C24E72 /* Diary.xcdatamodeld in Sources */ = {isa = PBXBuildFile; fileRef = 47192B53215927D400C24E72 /* Diary.xcdatamodeld */; };
		47B9B579210CDBE3004E0F32 /* AppDelegate.swift in Sources */ = {isa = PBXBuildFile; fileRef = 47B9B578210CDBE3004E0F32 /* AppDelegate.swift */; };
		47B9B57E210CDBE3004E0F32 /* Main.storyboard in Resources */ = {isa = PBXBuildFile; fileRef = 47B9B57C210CDBE3004E0F32 /* Main.storyboard */; };
		47B9B580210CDBE3004E0F32 /* Assets.xcassets in Resources */ = {isa = PBXBuildFile; fileRef = 47B9B57F210CDBE3004E0F32 /* Assets.xcassets */; };
		47B9B583210CDBE3004E0F32 /* LaunchScreen.storyboard in Resources */ = {isa = PBXBuildFile; fileRef = 47B9B581210CDBE3004E0F32 /* LaunchScreen.storyboard */; };
		47B9B58B210CE0AB004E0F32 /* Constant.swift in Sources */ = {isa = PBXBuildFile; fileRef = 47B9B58A210CE0AB004E0F32 /* Constant.swift */; };
/* End PBXBuildFile section */

/* Begin PBXFileReference section */
		4708183B214A86B500B213A2 /* CreateViewController.swift */ = {isa = PBXFileReference; lastKnownFileType = sourcecode.swift; path = CreateViewController.swift; sourceTree = "<group>"; };
		4708183D214A89A500B213A2 /* ListTableViewCell.swift */ = {isa = PBXFileReference; lastKnownFileType = sourcecode.swift; path = ListTableViewCell.swift; sourceTree = "<group>"; };
		4708183F214A973C00B213A2 /* Extension.swift */ = {isa = PBXFileReference; lastKnownFileType = sourcecode.swift; path = Extension.swift; sourceTree = "<group>"; };
		47081843214A997200B213A2 /* VerticallyCenteredTextView.swift */ = {isa = PBXFileReference; lastKnownFileType = sourcecode.swift; path = VerticallyCenteredTextView.swift; sourceTree = "<group>"; };
		471348D92131BEF700C10F6F /* ListViewController.swift */ = {isa = PBXFileReference; lastKnownFileType = sourcecode.swift; path = ListViewController.swift; sourceTree = "<group>"; };
		47192B54215927D400C24E72 /* Diary.xcdatamodel */ = {isa = PBXFileReference; lastKnownFileType = wrapper.xcdatamodel; path = Diary.xcdatamodel; sourceTree = "<group>"; };
		47B9B575210CDBE3004E0F32 /* Diary.app */ = {isa = PBXFileReference; explicitFileType = wrapper.application; includeInIndex = 0; path = Diary.app; sourceTree = BUILT_PRODUCTS_DIR; };
		47B9B578210CDBE3004E0F32 /* AppDelegate.swift */ = {isa = PBXFileReference; lastKnownFileType = sourcecode.swift; path = AppDelegate.swift; sourceTree = "<group>"; };
		47B9B57D210CDBE3004E0F32 /* Base */ = {isa = PBXFileReference; lastKnownFileType = file.storyboard; name = Base; path = Base.lproj/Main.storyboard; sourceTree = "<group>"; };
		47B9B57F210CDBE3004E0F32 /* Assets.xcassets */ = {isa = PBXFileReference; lastKnownFileType = folder.assetcatalog; path = Assets.xcassets; sourceTree = "<group>"; };
		47B9B582210CDBE3004E0F32 /* Base */ = {isa = PBXFileReference; lastKnownFileType = file.storyboard; name = Base; path = Base.lproj/LaunchScreen.storyboard; sourceTree = "<group>"; };
		47B9B584210CDBE3004E0F32 /* Info.plist */ = {isa = PBXFileReference; lastKnownFileType = text.plist.xml; path = Info.plist; sourceTree = "<group>"; };
		47B9B58A210CE0AB004E0F32 /* Constant.swift */ = {isa = PBXFileReference; lastKnownFileType = sourcecode.swift; path = Constant.swift; sourceTree = "<group>"; };
/* End PBXFileReference section */

/* Begin PBXFrameworksBuildPhase section */
		47B9B572210CDBE3004E0F32 /* Frameworks */ = {
			isa = PBXFrameworksBuildPhase;
			buildActionMask = 2147483647;
			files = (
			);
			runOnlyForDeploymentPostprocessing = 0;
		};
/* End PBXFrameworksBuildPhase section */

/* Begin PBXGroup section */
		47B9B56C210CDBE3004E0F32 = {
			isa = PBXGroup;
			children = (
				47B9B577210CDBE3004E0F32 /* Diary */,
				47B9B576210CDBE3004E0F32 /* Products */,
			);
			sourceTree = "<group>";
		};
		47B9B576210CDBE3004E0F32 /* Products */ = {
			isa = PBXGroup;
			children = (
				47B9B575210CDBE3004E0F32 /* Diary.app */,
			);
			name = Products;
			sourceTree = "<group>";
		};
		47B9B577210CDBE3004E0F32 /* Diary */ = {
			isa = PBXGroup;
			children = (
				47B9B578210CDBE3004E0F32 /* AppDelegate.swift */,
				47B9B58A210CE0AB004E0F32 /* Constant.swift */,
				4708183F214A973C00B213A2 /* Extension.swift */,
				471348D92131BEF700C10F6F /* ListViewController.swift */,
				4708183D214A89A500B213A2 /* ListTableViewCell.swift */,
				4708183B214A86B500B213A2 /* CreateViewController.swift */,
				47081843214A997200B213A2 /* VerticallyCenteredTextView.swift */,
				47B9B57C210CDBE3004E0F32 /* Main.storyboard */,
				47B9B57F210CDBE3004E0F32 /* Assets.xcassets */,
				47B9B581210CDBE3004E0F32 /* LaunchScreen.storyboard */,
				47192B53215927D400C24E72 /* Diary.xcdatamodeld */,
				47B9B584210CDBE3004E0F32 /* Info.plist */,
			);
			path = Diary;
			sourceTree = "<group>";
		};
/* End PBXGroup section */

/* Begin PBXNativeTarget section */
		47B9B574210CDBE3004E0F32 /* Diary */ = {
			isa = PBXNativeTarget;
			buildConfigurationList = 47B9B587210CDBE3004E0F32 /* Build configuration list for PBXNativeTarget "Diary" */;
			buildPhases = (
				47B9B571210CDBE3004E0F32 /* Sources */,
				47B9B572210CDBE3004E0F32 /* Frameworks */,
				47B9B573210CDBE3004E0F32 /* Resources */,
			);
			buildRules = (
			);
			dependencies = (
			);
			name = Diary;
			productName = Diary;
			productReference = 47B9B575210CDBE3004E0F32 /* Diary.app */;
			productType = "com.apple.product-type.application";
		};
/* End PBXNativeTarget section */

/* Begin PBXProject section */
		47B9B56D210CDBE3004E0F32 /* Project object */ = {
			isa = PBXProject;
			attributes = {
				LastSwiftUpdateCheck = 0940;
				LastUpgradeCheck = 0940;
				ORGANIZATIONNAME = "Aleksandr Tsebrii";
				TargetAttributes = {
					47B9B574210CDBE3004E0F32 = {
						CreatedOnToolsVersion = 9.4.1;
						LastSwiftMigration = 1000;
					};
				};
			};
			buildConfigurationList = 47B9B570210CDBE3004E0F32 /* Build configuration list for PBXProject "Diary" */;
			compatibilityVersion = "Xcode 9.3";
			developmentRegion = en;
			hasScannedForEncodings = 0;
			knownRegions = (
				en,
				Base,
			);
			mainGroup = 47B9B56C210CDBE3004E0F32;
			productRefGroup = 47B9B576210CDBE3004E0F32 /* Products */;
			projectDirPath = "";
			projectRoot = "";
			targets = (
				47B9B574210CDBE3004E0F32 /* Diary */,
			);
		};
/* End PBXProject section */

/* Begin PBXResourcesBuildPhase section */
		47B9B573210CDBE3004E0F32 /* Resources */ = {
			isa = PBXResourcesBuildPhase;
			buildActionMask = 2147483647;
			files = (
				47B9B583210CDBE3004E0F32 /* LaunchScreen.storyboard in Resources */,
				47B9B580210CDBE3004E0F32 /* Assets.xcassets in Resources */,
				47B9B57E210CDBE3004E0F32 /* Main.storyboard in Resources */,
			);
			runOnlyForDeploymentPostprocessing = 0;
		};
/* End PBXResourcesBuildPhase section */

/* Begin PBXSourcesBuildPhase section */
		47B9B571210CDBE3004E0F32 /* Sources */ = {
			isa = PBXSourcesBuildPhase;
			buildActionMask = 2147483647;
			files = (
				47192B55215927D400C24E72 /* Diary.xcdatamodeld in Sources */,
				4708183C214A86B500B213A2 /* CreateViewController.swift in Sources */,
				47B9B579210CDBE3004E0F32 /* AppDelegate.swift in Sources */,
				47081844214A997200B213A2 /* VerticallyCenteredTextView.swift in Sources */,
				47B9B58B210CE0AB004E0F32 /* Constant.swift in Sources */,
				47081840214A973C00B213A2 /* Extension.swift in Sources */,
				471348DA2131BEF700C10F6F /* ListViewController.swift in Sources */,
				4708183E214A89A500B213A2 /* ListTableViewCell.swift in Sources */,
			);
			runOnlyForDeploymentPostprocessing = 0;
		};
/* End PBXSourcesBuildPhase section */

/* Begin PBXVariantGroup section */
		47B9B57C210CDBE3004E0F32 /* Main.storyboard */ = {
			isa = PBXVariantGroup;
			children = (
				47B9B57D210CDBE3004E0F32 /* Base */,
			);
			name = Main.storyboard;
			sourceTree = "<group>";
		};
		47B9B581210CDBE3004E0F32 /* LaunchScreen.storyboard */ = {
			isa = PBXVariantGroup;
			children = (
				47B9B582210CDBE3004E0F32 /* Base */,
			);
			name = LaunchScreen.storyboard;
			sourceTree = "<group>";
		};
/* End PBXVariantGroup section */

/* Begin XCBuildConfiguration section */
		47B9B585210CDBE3004E0F32 /* Debug */ = {
			isa = XCBuildConfiguration;
			buildSettings = {
				ALWAYS_SEARCH_USER_PATHS = NO;
				CLANG_ANALYZER_NONNULL = YES;
				CLANG_ANALYZER_NUMBER_OBJECT_CONVERSION = YES_AGGRESSIVE;
				CLANG_CXX_LANGUAGE_STANDARD = "gnu++14";
				CLANG_CXX_LIBRARY = "libc++";
				CLANG_ENABLE_MODULES = YES;
				CLANG_ENABLE_OBJC_ARC = YES;
				CLANG_ENABLE_OBJC_WEAK = YES;
				CLANG_WARN_BLOCK_CAPTURE_AUTORELEASING = YES;
				CLANG_WARN_BOOL_CONVERSION = YES;
				CLANG_WARN_COMMA = YES;
				CLANG_WARN_CONSTANT_CONVERSION = YES;
				CLANG_WARN_DEPRECATED_OBJC_IMPLEMENTATIONS = YES;
				CLANG_WARN_DIRECT_OBJC_ISA_USAGE = YES_ERROR;
				CLANG_WARN_DOCUMENTATION_COMMENTS = YES;
				CLANG_WARN_EMPTY_BODY = YES;
				CLANG_WARN_ENUM_CONVERSION = YES;
				CLANG_WARN_INFINITE_RECURSION = YES;
				CLANG_WARN_INT_CONVERSION = YES;
				CLANG_WARN_NON_LITERAL_NULL_CONVERSION = YES;
				CLANG_WARN_OBJC_IMPLICIT_RETAIN_SELF = YES;
				CLANG_WARN_OBJC_LITERAL_CONVERSION = YES;
				CLANG_WARN_OBJC_ROOT_CLASS = YES_ERROR;
				CLANG_WARN_RANGE_LOOP_ANALYSIS = YES;
				CLANG_WARN_STRICT_PROTOTYPES = YES;
				CLANG_WARN_SUSPICIOUS_MOVE = YES;
				CLANG_WARN_UNGUARDED_AVAILABILITY = YES_AGGRESSIVE;
				CLANG_WARN_UNREACHABLE_CODE = YES;
				CLANG_WARN__DUPLICATE_METHOD_MATCH = YES;
				CODE_SIGN_IDENTITY = "iPhone Developer";
				COPY_PHASE_STRIP = NO;
				DEBUG_INFORMATION_FORMAT = dwarf;
				ENABLE_STRICT_OBJC_MSGSEND = YES;
				ENABLE_TESTABILITY = YES;
				GCC_C_LANGUAGE_STANDARD = gnu11;
				GCC_DYNAMIC_NO_PIC = NO;
				GCC_NO_COMMON_BLOCKS = YES;
				GCC_OPTIMIZATION_LEVEL = 0;
				GCC_PREPROCESSOR_DEFINITIONS = (
					"DEBUG=1",
					"$(inherited)",
				);
				GCC_WARN_64_TO_32_BIT_CONVERSION = YES;
				GCC_WARN_ABOUT_RETURN_TYPE = YES_ERROR;
				GCC_WARN_UNDECLARED_SELECTOR = YES;
				GCC_WARN_UNINITIALIZED_AUTOS = YES_AGGRESSIVE;
				GCC_WARN_UNUSED_FUNCTION = YES;
				GCC_WARN_UNUSED_VARIABLE = YES;
				IPHONEOS_DEPLOYMENT_TARGET = 11.4;
				MTL_ENABLE_DEBUG_INFO = YES;
				ONLY_ACTIVE_ARCH = YES;
				SDKROOT = iphoneos;
				SWIFT_ACTIVE_COMPILATION_CONDITIONS = DEBUG;
				SWIFT_OPTIMIZATION_LEVEL = "-Onone";
			};
			name = Debug;
		};
		47B9B586210CDBE3004E0F32 /* Release */ = {
			isa = XCBuildConfiguration;
			buildSettings = {
				ALWAYS_SEARCH_USER_PATHS = NO;
				CLANG_ANALYZER_NONNULL = YES;
				CLANG_ANALYZER_NUMBER_OBJECT_CONVERSION = YES_AGGRESSIVE;
				CLANG_CXX_LANGUAGE_STANDARD = "gnu++14";
				CLANG_CXX_LIBRARY = "libc++";
				CLANG_ENABLE_MODULES = YES;
				CLANG_ENABLE_OBJC_ARC = YES;
				CLANG_ENABLE_OBJC_WEAK = YES;
				CLANG_WARN_BLOCK_CAPTURE_AUTORELEASING = YES;
				CLANG_WARN_BOOL_CONVERSION = YES;
				CLANG_WARN_COMMA = YES;
				CLANG_WARN_CONSTANT_CONVERSION = YES;
				CLANG_WARN_DEPRECATED_OBJC_IMPLEMENTATIONS = YES;
				CLANG_WARN_DIRECT_OBJC_ISA_USAGE = YES_ERROR;
				CLANG_WARN_DOCUMENTATION_COMMENTS = YES;
				CLANG_WARN_EMPTY_BODY = YES;
				CLANG_WARN_ENUM_CONVERSION = YES;
				CLANG_WARN_INFINITE_RECURSION = YES;
				CLANG_WARN_INT_CONVERSION = YES;
				CLANG_WARN_NON_LITERAL_NULL_CONVERSION = YES;
				CLANG_WARN_OBJC_IMPLICIT_RETAIN_SELF = YES;
				CLANG_WARN_OBJC_LITERAL_CONVERSION = YES;
				CLANG_WARN_OBJC_ROOT_CLASS = YES_ERROR;
				CLANG_WARN_RANGE_LOOP_ANALYSIS = YES;
				CLANG_WARN_STRICT_PROTOTYPES = YES;
				CLANG_WARN_SUSPICIOUS_MOVE = YES;
				CLANG_WARN_UNGUARDED_AVAILABILITY = YES_AGGRESSIVE;
				CLANG_WARN_UNREACHABLE_CODE = YES;
				CLANG_WARN__DUPLICATE_METHOD_MATCH = YES;
				CODE_SIGN_IDENTITY = "iPhone Developer";
				COPY_PHASE_STRIP = NO;
				DEBUG_INFORMATION_FORMAT = "dwarf-with-dsym";
				ENABLE_NS_ASSERTIONS = NO;
				ENABLE_STRICT_OBJC_MSGSEND = YES;
				GCC_C_LANGUAGE_STANDARD = gnu11;
				GCC_NO_COMMON_BLOCKS = YES;
				GCC_WARN_64_TO_32_BIT_CONVERSION = YES;
				GCC_WARN_ABOUT_RETURN_TYPE = YES_ERROR;
				GCC_WARN_UNDECLARED_SELECTOR = YES;
				GCC_WARN_UNINITIALIZED_AUTOS = YES_AGGRESSIVE;
				GCC_WARN_UNUSED_FUNCTION = YES;
				GCC_WARN_UNUSED_VARIABLE = YES;
				IPHONEOS_DEPLOYMENT_TARGET = 11.4;
				MTL_ENABLE_DEBUG_INFO = NO;
				SDKROOT = iphoneos;
				SWIFT_COMPILATION_MODE = wholemodule;
				SWIFT_OPTIMIZATION_LEVEL = "-O";
				VALIDATE_PRODUCT = YES;
			};
			name = Release;
		};
		47B9B588210CDBE3004E0F32 /* Debug */ = {
			isa = XCBuildConfiguration;
			buildSettings = {
				ASSETCATALOG_COMPILER_APPICON_NAME = AppIcon;
				CODE_SIGN_STYLE = Automatic;
				DEVELOPMENT_TEAM = B7MN8DCB97;
				INFOPLIST_FILE = Diary/Info.plist;
				LD_RUNPATH_SEARCH_PATHS = (
					"$(inherited)",
					"@executable_path/Frameworks",
				);
				PRODUCT_BUNDLE_IDENTIFIER = aleksandr.tsebrii.Diary;
				PRODUCT_NAME = "$(TARGET_NAME)";
				SWIFT_VERSION = 4.2;
				TARGETED_DEVICE_FAMILY = 1;
			};
			name = Debug;
		};
		47B9B589210CDBE3004E0F32 /* Release */ = {
			isa = XCBuildConfiguration;
			buildSettings = {
				ASSETCATALOG_COMPILER_APPICON_NAME = AppIcon;
				CODE_SIGN_STYLE = Automatic;
				DEVELOPMENT_TEAM = B7MN8DCB97;
				INFOPLIST_FILE = Diary/Info.plist;
				LD_RUNPATH_SEARCH_PATHS = (
					"$(inherited)",
					"@executable_path/Frameworks",
				);
				PRODUCT_BUNDLE_IDENTIFIER = aleksandr.tsebrii.Diary;
				PRODUCT_NAME = "$(TARGET_NAME)";
				SWIFT_VERSION = 4.2;
				TARGETED_DEVICE_FAMILY = 1;
			};
			name = Release;
		};
/* End XCBuildConfiguration section */

/* Begin XCConfigurationList section */
		47B9B570210CDBE3004E0F32 /* Build configuration list for PBXProject "Diary" */ = {
			isa = XCConfigurationList;
			buildConfigurations = (
				47B9B585210CDBE3004E0F32 /* Debug */,
				47B9B586210CDBE3004E0F32 /* Release */,
			);
			defaultConfigurationIsVisible = 0;
			defaultConfigurationName = Release;
		};
		47B9B587210CDBE3004E0F32 /* Build configuration list for PBXNativeTarget "Diary" */ = {
			isa = XCConfigurationList;
			buildConfigurations = (
				47B9B588210CDBE3004E0F32 /* Debug */,
				47B9B589210CDBE3004E0F32 /* Release */,
			);
			defaultConfigurationIsVisible = 0;
			defaultConfigurationName = Release;
		};
/* End XCConfigurationList section */

/* Begin XCVersionGroup section */
		47192B53215927D400C24E72 /* Diary.xcdatamodeld */ = {
			isa = XCVersionGroup;
			children = (
				47192B54215927D400C24E72 /* Diary.xcdatamodel */,
			);
			currentVersion = 47192B54215927D400C24E72 /* Diary.xcdatamodel */;
			path = Diary.xcdatamodeld;
			sourceTree = "<group>";
			versionGroupType = wrapper.xcdatamodel;
		};
/* End XCVersionGroup section */
	};
	rootObject = 47B9B56D210CDBE3004E0F32 /* Project object */;
}
