// !$*UTF8*$!
{
	archiveVersion = 1;
	classes = {
	};
	objectVersion = 50;
	objects = {

/* Begin PBXBuildFile section */
		1385641B0DDCFBCD2DA0AB16 /* Pods_Diary.framework in Frameworks */ = {isa = PBXBuildFile; fileRef = 7F70329FC93FE120989F4855 /* Pods_Diary.framework */; };
		4708183E214A89A500B213A2 /* ListTableViewCell.swift in Sources */ = {isa = PBXBuildFile; fileRef = 4708183D214A89A500B213A2 /* ListTableViewCell.swift */; };
		47081840214A973C00B213A2 /* Extension.swift in Sources */ = {isa = PBXBuildFile; fileRef = 4708183F214A973C00B213A2 /* Extension.swift */; };
		471348DA2131BEF700C10F6F /* ListViewController.swift in Sources */ = {isa = PBXBuildFile; fileRef = 471348D92131BEF700C10F6F /* ListViewController.swift */; };
		47192B55215927D400C24E72 /* Diary.xcdatamodeld in Sources */ = {isa = PBXBuildFile; fileRef = 47192B53215927D400C24E72 /* Diary.xcdatamodeld */; };
		471DBB22216E72EF00436857 /* ResizeButton.swift in Sources */ = {isa = PBXBuildFile; fileRef = 471DBB21216E72EF00436857 /* ResizeButton.swift */; };
		471DBB24216EB10600436857 /* SettingsViewController.swift in Sources */ = {isa = PBXBuildFile; fileRef = 471DBB23216EB10600436857 /* SettingsViewController.swift */; };
		471DBB26216F2F5000436857 /* Main.storyboard in Resources */ = {isa = PBXBuildFile; fileRef = 471DBB25216F2F5000436857 /* Main.storyboard */; };
		47435BD1216680D0008A9250 /* KeyboardToolbar.swift in Sources */ = {isa = PBXBuildFile; fileRef = 47435BD0216680D0008A9250 /* KeyboardToolbar.swift */; };
		47435BD3216761E2008A9250 /* SaveButton.swift in Sources */ = {isa = PBXBuildFile; fileRef = 47435BD2216761E2008A9250 /* SaveButton.swift */; };
		47435BD7216A0455008A9250 /* Switcher.swift in Sources */ = {isa = PBXBuildFile; fileRef = 47435BD6216A0455008A9250 /* Switcher.swift */; };
		474F690521750C9100E757DD /* SettingsButton.swift in Sources */ = {isa = PBXBuildFile; fileRef = 474F690421750C9100E757DD /* SettingsButton.swift */; };
		477D8E78216048AA00AE9CD1 /* SF-Pro-Display-Bold.otf in Resources */ = {isa = PBXBuildFile; fileRef = 477D8E76216048A900AE9CD1 /* SF-Pro-Display-Bold.otf */; };
		477D8E79216048AA00AE9CD1 /* SF-Pro-Display-Regular.otf in Resources */ = {isa = PBXBuildFile; fileRef = 477D8E77216048AA00AE9CD1 /* SF-Pro-Display-Regular.otf */; };
		477D8E7B21604C8B00AE9CD1 /* ReadViewController.swift in Sources */ = {isa = PBXBuildFile; fileRef = 477D8E7A21604C8B00AE9CD1 /* ReadViewController.swift */; };
		477D8E83216113BC00AE9CD1 /* SignInViewController.swift in Sources */ = {isa = PBXBuildFile; fileRef = 477D8E82216113BC00AE9CD1 /* SignInViewController.swift */; };
		477D8E872161899D00AE9CD1 /* MainNavigationController.swift in Sources */ = {isa = PBXBuildFile; fileRef = 477D8E862161899D00AE9CD1 /* MainNavigationController.swift */; };
		47808AE621767A840090C860 /* ProtectionViewController.swift in Sources */ = {isa = PBXBuildFile; fileRef = 47808AE521767A840090C860 /* ProtectionViewController.swift */; };
		47808AE82176A0120090C860 /* SettingsView.swift in Sources */ = {isa = PBXBuildFile; fileRef = 47808AE72176A0120090C860 /* SettingsView.swift */; };
		47808AEA2176A8E10090C860 /* EnterPasswordViewController.swift in Sources */ = {isa = PBXBuildFile; fileRef = 47808AE92176A8E10090C860 /* EnterPasswordViewController.swift */; };
		47808AEC217A1C360090C860 /* ReenterPasswordViewController.swift in Sources */ = {isa = PBXBuildFile; fileRef = 47808AEB217A1C360090C860 /* ReenterPasswordViewController.swift */; };
		47808AEE217A218F0090C860 /* PasswordViewController.swift in Sources */ = {isa = PBXBuildFile; fileRef = 47808AED217A218F0090C860 /* PasswordViewController.swift */; };
		478A5723215BF905005E4028 /* InputTextView.swift in Sources */ = {isa = PBXBuildFile; fileRef = 478A5722215BF905005E4028 /* InputTextView.swift */; };
		47B9B579210CDBE3004E0F32 /* AppDelegate.swift in Sources */ = {isa = PBXBuildFile; fileRef = 47B9B578210CDBE3004E0F32 /* AppDelegate.swift */; };
		47B9B580210CDBE3004E0F32 /* Assets.xcassets in Resources */ = {isa = PBXBuildFile; fileRef = 47B9B57F210CDBE3004E0F32 /* Assets.xcassets */; };
		47B9B583210CDBE3004E0F32 /* LaunchScreen.storyboard in Resources */ = {isa = PBXBuildFile; fileRef = 47B9B581210CDBE3004E0F32 /* LaunchScreen.storyboard */; };
		47B9B58B210CE0AB004E0F32 /* Constants.swift in Sources */ = {isa = PBXBuildFile; fileRef = 47B9B58A210CE0AB004E0F32 /* Constants.swift */; };
/* End PBXBuildFile section */

/* Begin PBXFileReference section */
		23AA704AA4AB678B1F95A19C /* Pods-Diary.release.xcconfig */ = {isa = PBXFileReference; includeInIndex = 1; lastKnownFileType = text.xcconfig; name = "Pods-Diary.release.xcconfig"; path = "Pods/Target Support Files/Pods-Diary/Pods-Diary.release.xcconfig"; sourceTree = "<group>"; };
		4708183D214A89A500B213A2 /* ListTableViewCell.swift */ = {isa = PBXFileReference; lastKnownFileType = sourcecode.swift; path = ListTableViewCell.swift; sourceTree = "<group>"; };
		4708183F214A973C00B213A2 /* Extension.swift */ = {isa = PBXFileReference; lastKnownFileType = sourcecode.swift; path = Extension.swift; sourceTree = "<group>"; };
		471348D92131BEF700C10F6F /* ListViewController.swift */ = {isa = PBXFileReference; lastKnownFileType = sourcecode.swift; path = ListViewController.swift; sourceTree = "<group>"; };
		47192B54215927D400C24E72 /* Diary.xcdatamodel */ = {isa = PBXFileReference; lastKnownFileType = wrapper.xcdatamodel; path = Diary.xcdatamodel; sourceTree = "<group>"; };
		471DBB21216E72EF00436857 /* ResizeButton.swift */ = {isa = PBXFileReference; lastKnownFileType = sourcecode.swift; path = ResizeButton.swift; sourceTree = "<group>"; };
		471DBB23216EB10600436857 /* SettingsViewController.swift */ = {isa = PBXFileReference; lastKnownFileType = sourcecode.swift; path = SettingsViewController.swift; sourceTree = "<group>"; };
		471DBB25216F2F5000436857 /* Main.storyboard */ = {isa = PBXFileReference; fileEncoding = 4; lastKnownFileType = file.storyboard; path = Main.storyboard; sourceTree = "<group>"; };
		47435BD0216680D0008A9250 /* KeyboardToolbar.swift */ = {isa = PBXFileReference; lastKnownFileType = sourcecode.swift; path = KeyboardToolbar.swift; sourceTree = "<group>"; };
		47435BD2216761E2008A9250 /* SaveButton.swift */ = {isa = PBXFileReference; lastKnownFileType = sourcecode.swift; path = SaveButton.swift; sourceTree = "<group>"; };
		47435BD6216A0455008A9250 /* Switcher.swift */ = {isa = PBXFileReference; lastKnownFileType = sourcecode.swift; path = Switcher.swift; sourceTree = "<group>"; };
		474F690421750C9100E757DD /* SettingsButton.swift */ = {isa = PBXFileReference; lastKnownFileType = sourcecode.swift; path = SettingsButton.swift; sourceTree = "<group>"; };
		477D8E76216048A900AE9CD1 /* SF-Pro-Display-Bold.otf */ = {isa = PBXFileReference; lastKnownFileType = file; path = "SF-Pro-Display-Bold.otf"; sourceTree = "<group>"; };
		477D8E77216048AA00AE9CD1 /* SF-Pro-Display-Regular.otf */ = {isa = PBXFileReference; lastKnownFileType = file; path = "SF-Pro-Display-Regular.otf"; sourceTree = "<group>"; };
		477D8E7A21604C8B00AE9CD1 /* ReadViewController.swift */ = {isa = PBXFileReference; lastKnownFileType = sourcecode.swift; path = ReadViewController.swift; sourceTree = "<group>"; };
		477D8E82216113BC00AE9CD1 /* SignInViewController.swift */ = {isa = PBXFileReference; lastKnownFileType = sourcecode.swift; path = SignInViewController.swift; sourceTree = "<group>"; };
		477D8E862161899D00AE9CD1 /* MainNavigationController.swift */ = {isa = PBXFileReference; lastKnownFileType = sourcecode.swift; path = MainNavigationController.swift; sourceTree = "<group>"; };
		47808AE521767A840090C860 /* ProtectionViewController.swift */ = {isa = PBXFileReference; lastKnownFileType = sourcecode.swift; path = ProtectionViewController.swift; sourceTree = "<group>"; };
		47808AE72176A0120090C860 /* SettingsView.swift */ = {isa = PBXFileReference; lastKnownFileType = sourcecode.swift; path = SettingsView.swift; sourceTree = "<group>"; };
		47808AE92176A8E10090C860 /* EnterPasswordViewController.swift */ = {isa = PBXFileReference; lastKnownFileType = sourcecode.swift; path = EnterPasswordViewController.swift; sourceTree = "<group>"; };
		47808AEB217A1C360090C860 /* ReenterPasswordViewController.swift */ = {isa = PBXFileReference; lastKnownFileType = sourcecode.swift; path = ReenterPasswordViewController.swift; sourceTree = "<group>"; };
		47808AED217A218F0090C860 /* PasswordViewController.swift */ = {isa = PBXFileReference; lastKnownFileType = sourcecode.swift; path = PasswordViewController.swift; sourceTree = "<group>"; };
		47808AEF217A5C760090C860 /* LocalAuthentication.framework */ = {isa = PBXFileReference; lastKnownFileType = wrapper.framework; name = LocalAuthentication.framework; path = System/Library/Frameworks/LocalAuthentication.framework; sourceTree = SDKROOT; };
		478A5722215BF905005E4028 /* InputTextView.swift */ = {isa = PBXFileReference; lastKnownFileType = sourcecode.swift; path = InputTextView.swift; sourceTree = "<group>"; };
		47B9B575210CDBE3004E0F32 /* Diary.app */ = {isa = PBXFileReference; explicitFileType = wrapper.application; includeInIndex = 0; path = Diary.app; sourceTree = BUILT_PRODUCTS_DIR; };
		47B9B578210CDBE3004E0F32 /* AppDelegate.swift */ = {isa = PBXFileReference; lastKnownFileType = sourcecode.swift; path = AppDelegate.swift; sourceTree = "<group>"; };
		47B9B57F210CDBE3004E0F32 /* Assets.xcassets */ = {isa = PBXFileReference; lastKnownFileType = folder.assetcatalog; path = Assets.xcassets; sourceTree = "<group>"; };
		47B9B582210CDBE3004E0F32 /* Base */ = {isa = PBXFileReference; lastKnownFileType = file.storyboard; name = Base; path = Base.lproj/LaunchScreen.storyboard; sourceTree = "<group>"; };
		47B9B584210CDBE3004E0F32 /* Info.plist */ = {isa = PBXFileReference; lastKnownFileType = text.plist.xml; path = Info.plist; sourceTree = "<group>"; };
		47B9B58A210CE0AB004E0F32 /* Constants.swift */ = {isa = PBXFileReference; lastKnownFileType = sourcecode.swift; path = Constants.swift; sourceTree = "<group>"; };
		7F70329FC93FE120989F4855 /* Pods_Diary.framework */ = {isa = PBXFileReference; explicitFileType = wrapper.framework; includeInIndex = 0; path = Pods_Diary.framework; sourceTree = BUILT_PRODUCTS_DIR; };
		A6C0E3CC4ACE2CFDD5F9B8B3 /* Pods-Diary.debug.xcconfig */ = {isa = PBXFileReference; includeInIndex = 1; lastKnownFileType = text.xcconfig; name = "Pods-Diary.debug.xcconfig"; path = "Pods/Target Support Files/Pods-Diary/Pods-Diary.debug.xcconfig"; sourceTree = "<group>"; };
/* End PBXFileReference section */

/* Begin PBXFrameworksBuildPhase section */
		47B9B572210CDBE3004E0F32 /* Frameworks */ = {
			isa = PBXFrameworksBuildPhase;
			buildActionMask = 2147483647;
			files = (
				1385641B0DDCFBCD2DA0AB16 /* Pods_Diary.framework in Frameworks */,
			);
			runOnlyForDeploymentPostprocessing = 0;
		};
/* End PBXFrameworksBuildPhase section */

/* Begin PBXGroup section */
		477D8E7D2160E89B00AE9CD1 /* Fonts */ = {
			isa = PBXGroup;
			children = (
				477D8E76216048A900AE9CD1 /* SF-Pro-Display-Bold.otf */,
				477D8E77216048AA00AE9CD1 /* SF-Pro-Display-Regular.otf */,
			);
			path = Fonts;
			sourceTree = "<group>";
		};
		477D8E7E2160E8BD00AE9CD1 /* Storyboards */ = {
			isa = PBXGroup;
			children = (
				471DBB25216F2F5000436857 /* Main.storyboard */,
				47B9B581210CDBE3004E0F32 /* LaunchScreen.storyboard */,
			);
			path = Storyboards;
			sourceTree = "<group>";
		};
		477D8E7F2160ED1C00AE9CD1 /* Helper */ = {
			isa = PBXGroup;
			children = (
				47B9B58A210CE0AB004E0F32 /* Constants.swift */,
				4708183F214A973C00B213A2 /* Extension.swift */,
			);
			path = Helper;
			sourceTree = "<group>";
		};
		477D8E802160ED2900AE9CD1 /* Controller */ = {
			isa = PBXGroup;
			children = (
				477D8E862161899D00AE9CD1 /* MainNavigationController.swift */,
				477D8E82216113BC00AE9CD1 /* SignInViewController.swift */,
				471348D92131BEF700C10F6F /* ListViewController.swift */,
				477D8E7A21604C8B00AE9CD1 /* ReadViewController.swift */,
				471DBB23216EB10600436857 /* SettingsViewController.swift */,
				47808AE521767A840090C860 /* ProtectionViewController.swift */,
				47808AED217A218F0090C860 /* PasswordViewController.swift */,
				47808AE92176A8E10090C860 /* EnterPasswordViewController.swift */,
				47808AEB217A1C360090C860 /* ReenterPasswordViewController.swift */,
			);
			path = Controller;
			sourceTree = "<group>";
		};
		477D8E812160ED3600AE9CD1 /* View */ = {
			isa = PBXGroup;
			children = (
				4708183D214A89A500B213A2 /* ListTableViewCell.swift */,
				478A5722215BF905005E4028 /* InputTextView.swift */,
				47435BD0216680D0008A9250 /* KeyboardToolbar.swift */,
				47435BD2216761E2008A9250 /* SaveButton.swift */,
				471DBB21216E72EF00436857 /* ResizeButton.swift */,
				474F690421750C9100E757DD /* SettingsButton.swift */,
				47808AE72176A0120090C860 /* SettingsView.swift */,
			);
			path = View;
			sourceTree = "<group>";
		};
		47B9B56C210CDBE3004E0F32 = {
			isa = PBXGroup;
			children = (
				47B9B577210CDBE3004E0F32 /* Diary */,
				47B9B576210CDBE3004E0F32 /* Products */,
				5FF3F54426D874C7FAAD0296 /* Pods */,
				C76F3E41875D624721C372D8 /* Frameworks */,
			);
			sourceTree = "<group>";
		};
		47B9B576210CDBE3004E0F32 /* Products */ = {
			isa = PBXGroup;
			children = (
				47B9B575210CDBE3004E0F32 /* Diary.app */,
			);
			name = Products;
			sourceTree = "<group>";
		};
		47B9B577210CDBE3004E0F32 /* Diary */ = {
			isa = PBXGroup;
			children = (
				47B9B578210CDBE3004E0F32 /* AppDelegate.swift */,
				47435BD6216A0455008A9250 /* Switcher.swift */,
				477D8E7F2160ED1C00AE9CD1 /* Helper */,
				477D8E802160ED2900AE9CD1 /* Controller */,
				477D8E812160ED3600AE9CD1 /* View */,
				477D8E7E2160E8BD00AE9CD1 /* Storyboards */,
				47B9B57F210CDBE3004E0F32 /* Assets.xcassets */,
				477D8E7D2160E89B00AE9CD1 /* Fonts */,
				47192B53215927D400C24E72 /* Diary.xcdatamodeld */,
				47B9B584210CDBE3004E0F32 /* Info.plist */,
			);
			path = Diary;
			sourceTree = "<group>";
		};
		5FF3F54426D874C7FAAD0296 /* Pods */ = {
			isa = PBXGroup;
			children = (
				A6C0E3CC4ACE2CFDD5F9B8B3 /* Pods-Diary.debug.xcconfig */,
				23AA704AA4AB678B1F95A19C /* Pods-Diary.release.xcconfig */,
			);
			name = Pods;
			sourceTree = "<group>";
		};
		C76F3E41875D624721C372D8 /* Frameworks */ = {
			isa = PBXGroup;
			children = (
				47808AEF217A5C760090C860 /* LocalAuthentication.framework */,
				7F70329FC93FE120989F4855 /* Pods_Diary.framework */,
			);
			name = Frameworks;
			sourceTree = "<group>";
		};
/* End PBXGroup section */

/* Begin PBXNativeTarget section */
		47B9B574210CDBE3004E0F32 /* Diary */ = {
			isa = PBXNativeTarget;
			buildConfigurationList = 47B9B587210CDBE3004E0F32 /* Build configuration list for PBXNativeTarget "Diary" */;
			buildPhases = (
				E80A916CC646EDD4F3A33DBA /* [CP] Check Pods Manifest.lock */,
				47B9B571210CDBE3004E0F32 /* Sources */,
				47B9B572210CDBE3004E0F32 /* Frameworks */,
				47B9B573210CDBE3004E0F32 /* Resources */,
				C95FCCFCD497C0E2CFC835AB /* [CP] Embed Pods Frameworks */,
				5AE0E19A816FF0FAAA343863 /* [CP] Copy Pods Resources */,
			);
			buildRules = (
			);
			dependencies = (
			);
			name = Diary;
			productName = Diary;
			productReference = 47B9B575210CDBE3004E0F32 /* Diary.app */;
			productType = "com.apple.product-type.application";
		};
/* End PBXNativeTarget section */

/* Begin PBXProject section */
		47B9B56D210CDBE3004E0F32 /* Project object */ = {
			isa = PBXProject;
			attributes = {
				LastSwiftUpdateCheck = 0940;
				LastUpgradeCheck = 0940;
				ORGANIZATIONNAME = "Aleksandr Tsebrii";
				TargetAttributes = {
					47B9B574210CDBE3004E0F32 = {
						CreatedOnToolsVersion = 9.4.1;
						LastSwiftMigration = 1000;
					};
				};
			};
			buildConfigurationList = 47B9B570210CDBE3004E0F32 /* Build configuration list for PBXProject "Diary" */;
			compatibilityVersion = "Xcode 9.3";
			developmentRegion = en;
			hasScannedForEncodings = 0;
			knownRegions = (
				en,
				Base,
			);
			mainGroup = 47B9B56C210CDBE3004E0F32;
			productRefGroup = 47B9B576210CDBE3004E0F32 /* Products */;
			projectDirPath = "";
			projectRoot = "";
			targets = (
				47B9B574210CDBE3004E0F32 /* Diary */,
			);
		};
/* End PBXProject section */

/* Begin PBXResourcesBuildPhase section */
		47B9B573210CDBE3004E0F32 /* Resources */ = {
			isa = PBXResourcesBuildPhase;
			buildActionMask = 2147483647;
			files = (
				47B9B583210CDBE3004E0F32 /* LaunchScreen.storyboard in Resources */,
				471DBB26216F2F5000436857 /* Main.storyboard in Resources */,
				47B9B580210CDBE3004E0F32 /* Assets.xcassets in Resources */,
				477D8E78216048AA00AE9CD1 /* SF-Pro-Display-Bold.otf in Resources */,
				477D8E79216048AA00AE9CD1 /* SF-Pro-Display-Regular.otf in Resources */,
			);
			runOnlyForDeploymentPostprocessing = 0;
		};
/* End PBXResourcesBuildPhase section */

/* Begin PBXShellScriptBuildPhase section */
		5AE0E19A816FF0FAAA343863 /* [CP] Copy Pods Resources */ = {
			isa = PBXShellScriptBuildPhase;
			buildActionMask = 2147483647;
			files = (
			);
			inputPaths = (
				"${SRCROOT}/Pods/Target Support Files/Pods-Diary/Pods-Diary-resources.sh",
				"${PODS_ROOT}/GoogleSignIn/Resources/GoogleSignIn.bundle",
			);
			name = "[CP] Copy Pods Resources";
			outputPaths = (
				"${TARGET_BUILD_DIR}/${UNLOCALIZED_RESOURCES_FOLDER_PATH}/GoogleSignIn.bundle",
			);
			runOnlyForDeploymentPostprocessing = 0;
			shellPath = /bin/sh;
			shellScript = "\"${SRCROOT}/Pods/Target Support Files/Pods-Diary/Pods-Diary-resources.sh\"\n";
			showEnvVarsInLog = 0;
		};
		C95FCCFCD497C0E2CFC835AB /* [CP] Embed Pods Frameworks */ = {
			isa = PBXShellScriptBuildPhase;
			buildActionMask = 2147483647;
			files = (
			);
			inputPaths = (
				"${SRCROOT}/Pods/Target Support Files/Pods-Diary/Pods-Diary-frameworks.sh",
				"${BUILT_PRODUCTS_DIR}/GTMOAuth2/GTMOAuth2.framework",
				"${BUILT_PRODUCTS_DIR}/GTMSessionFetcher/GTMSessionFetcher.framework",
				"${BUILT_PRODUCTS_DIR}/GoogleToolboxForMac/GoogleToolboxForMac.framework",
			);
			name = "[CP] Embed Pods Frameworks";
			outputPaths = (
				"${TARGET_BUILD_DIR}/${FRAMEWORKS_FOLDER_PATH}/GTMOAuth2.framework",
				"${TARGET_BUILD_DIR}/${FRAMEWORKS_FOLDER_PATH}/GTMSessionFetcher.framework",
				"${TARGET_BUILD_DIR}/${FRAMEWORKS_FOLDER_PATH}/GoogleToolboxForMac.framework",
			);
			runOnlyForDeploymentPostprocessing = 0;
			shellPath = /bin/sh;
			shellScript = "\"${SRCROOT}/Pods/Target Support Files/Pods-Diary/Pods-Diary-frameworks.sh\"\n";
			showEnvVarsInLog = 0;
		};
		E80A916CC646EDD4F3A33DBA /* [CP] Check Pods Manifest.lock */ = {
			isa = PBXShellScriptBuildPhase;
			buildActionMask = 2147483647;
			files = (
			);
			inputPaths = (
				"${PODS_PODFILE_DIR_PATH}/Podfile.lock",
				"${PODS_ROOT}/Manifest.lock",
			);
			name = "[CP] Check Pods Manifest.lock";
			outputPaths = (
				"$(DERIVED_FILE_DIR)/Pods-Diary-checkManifestLockResult.txt",
			);
			runOnlyForDeploymentPostprocessing = 0;
			shellPath = /bin/sh;
			shellScript = "diff \"${PODS_PODFILE_DIR_PATH}/Podfile.lock\" \"${PODS_ROOT}/Manifest.lock\" > /dev/null\nif [ $? != 0 ] ; then\n    # print error to STDERR\n    echo \"error: The sandbox is not in sync with the Podfile.lock. Run 'pod install' or update your CocoaPods installation.\" >&2\n    exit 1\nfi\n# This output is used by Xcode 'outputs' to avoid re-running this script phase.\necho \"SUCCESS\" > \"${SCRIPT_OUTPUT_FILE_0}\"\n";
			showEnvVarsInLog = 0;
		};
/* End PBXShellScriptBuildPhase section */

/* Begin PBXSourcesBuildPhase section */
		47B9B571210CDBE3004E0F32 /* Sources */ = {
			isa = PBXSourcesBuildPhase;
			buildActionMask = 2147483647;
			files = (
				477D8E872161899D00AE9CD1 /* MainNavigationController.swift in Sources */,
				47192B55215927D400C24E72 /* Diary.xcdatamodeld in Sources */,
				47435BD3216761E2008A9250 /* SaveButton.swift in Sources */,
				47808AE82176A0120090C860 /* SettingsView.swift in Sources */,
				47B9B579210CDBE3004E0F32 /* AppDelegate.swift in Sources */,
				478A5723215BF905005E4028 /* InputTextView.swift in Sources */,
				47808AEA2176A8E10090C860 /* EnterPasswordViewController.swift in Sources */,
				47B9B58B210CE0AB004E0F32 /* Constants.swift in Sources */,
				47081840214A973C00B213A2 /* Extension.swift in Sources */,
				471DBB22216E72EF00436857 /* ResizeButton.swift in Sources */,
				471DBB24216EB10600436857 /* SettingsViewController.swift in Sources */,
				474F690521750C9100E757DD /* SettingsButton.swift in Sources */,
				47808AE621767A840090C860 /* ProtectionViewController.swift in Sources */,
				47435BD1216680D0008A9250 /* KeyboardToolbar.swift in Sources */,
				477D8E83216113BC00AE9CD1 /* SignInViewController.swift in Sources */,
				47435BD7216A0455008A9250 /* Switcher.swift in Sources */,
				471348DA2131BEF700C10F6F /* ListViewController.swift in Sources */,
				47808AEE217A218F0090C860 /* PasswordViewController.swift in Sources */,
				47808AEC217A1C360090C860 /* ReenterPasswordViewController.swift in Sources */,
				477D8E7B21604C8B00AE9CD1 /* ReadViewController.swift in Sources */,
				4708183E214A89A500B213A2 /* ListTableViewCell.swift in Sources */,
			);
			runOnlyForDeploymentPostprocessing = 0;
		};
/* End PBXSourcesBuildPhase section */

/* Begin PBXVariantGroup section */
		47B9B581210CDBE3004E0F32 /* LaunchScreen.storyboard */ = {
			isa = PBXVariantGroup;
			children = (
				47B9B582210CDBE3004E0F32 /* Base */,
			);
			name = LaunchScreen.storyboard;
			sourceTree = "<group>";
		};
/* End PBXVariantGroup section */

/* Begin XCBuildConfiguration section */
		47B9B585210CDBE3004E0F32 /* Debug */ = {
			isa = XCBuildConfiguration;
			buildSettings = {
				ALWAYS_SEARCH_USER_PATHS = NO;
				CLANG_ANALYZER_NONNULL = YES;
				CLANG_ANALYZER_NUMBER_OBJECT_CONVERSION = YES_AGGRESSIVE;
				CLANG_CXX_LANGUAGE_STANDARD = "gnu++14";
				CLANG_CXX_LIBRARY = "libc++";
				CLANG_ENABLE_MODULES = YES;
				CLANG_ENABLE_OBJC_ARC = YES;
				CLANG_ENABLE_OBJC_WEAK = YES;
				CLANG_WARN_BLOCK_CAPTURE_AUTORELEASING = YES;
				CLANG_WARN_BOOL_CONVERSION = YES;
				CLANG_WARN_COMMA = YES;
				CLANG_WARN_CONSTANT_CONVERSION = YES;
				CLANG_WARN_DEPRECATED_OBJC_IMPLEMENTATIONS = YES;
				CLANG_WARN_DIRECT_OBJC_ISA_USAGE = YES_ERROR;
				CLANG_WARN_DOCUMENTATION_COMMENTS = YES;
				CLANG_WARN_EMPTY_BODY = YES;
				CLANG_WARN_ENUM_CONVERSION = YES;
				CLANG_WARN_INFINITE_RECURSION = YES;
				CLANG_WARN_INT_CONVERSION = YES;
				CLANG_WARN_NON_LITERAL_NULL_CONVERSION = YES;
				CLANG_WARN_OBJC_IMPLICIT_RETAIN_SELF = YES;
				CLANG_WARN_OBJC_LITERAL_CONVERSION = YES;
				CLANG_WARN_OBJC_ROOT_CLASS = YES_ERROR;
				CLANG_WARN_RANGE_LOOP_ANALYSIS = YES;
				CLANG_WARN_STRICT_PROTOTYPES = YES;
				CLANG_WARN_SUSPICIOUS_MOVE = YES;
				CLANG_WARN_UNGUARDED_AVAILABILITY = YES_AGGRESSIVE;
				CLANG_WARN_UNREACHABLE_CODE = YES;
				CLANG_WARN__DUPLICATE_METHOD_MATCH = YES;
				CODE_SIGN_IDENTITY = "iPhone Developer";
				COPY_PHASE_STRIP = NO;
				DEBUG_INFORMATION_FORMAT = dwarf;
				ENABLE_STRICT_OBJC_MSGSEND = YES;
				ENABLE_TESTABILITY = YES;
				GCC_C_LANGUAGE_STANDARD = gnu11;
				GCC_DYNAMIC_NO_PIC = NO;
				GCC_NO_COMMON_BLOCKS = YES;
				GCC_OPTIMIZATION_LEVEL = 0;
				GCC_PREPROCESSOR_DEFINITIONS = (
					"DEBUG=1",
					"$(inherited)",
				);
				GCC_WARN_64_TO_32_BIT_CONVERSION = YES;
				GCC_WARN_ABOUT_RETURN_TYPE = YES_ERROR;
				GCC_WARN_UNDECLARED_SELECTOR = YES;
				GCC_WARN_UNINITIALIZED_AUTOS = YES_AGGRESSIVE;
				GCC_WARN_UNUSED_FUNCTION = YES;
				GCC_WARN_UNUSED_VARIABLE = YES;
				IPHONEOS_DEPLOYMENT_TARGET = 11.4;
				MTL_ENABLE_DEBUG_INFO = YES;
				ONLY_ACTIVE_ARCH = YES;
				SDKROOT = iphoneos;
				SWIFT_ACTIVE_COMPILATION_CONDITIONS = DEBUG;
				SWIFT_OPTIMIZATION_LEVEL = "-Onone";
			};
			name = Debug;
		};
		47B9B586210CDBE3004E0F32 /* Release */ = {
			isa = XCBuildConfiguration;
			buildSettings = {
				ALWAYS_SEARCH_USER_PATHS = NO;
				CLANG_ANALYZER_NONNULL = YES;
				CLANG_ANALYZER_NUMBER_OBJECT_CONVERSION = YES_AGGRESSIVE;
				CLANG_CXX_LANGUAGE_STANDARD = "gnu++14";
				CLANG_CXX_LIBRARY = "libc++";
				CLANG_ENABLE_MODULES = YES;
				CLANG_ENABLE_OBJC_ARC = YES;
				CLANG_ENABLE_OBJC_WEAK = YES;
				CLANG_WARN_BLOCK_CAPTURE_AUTORELEASING = YES;
				CLANG_WARN_BOOL_CONVERSION = YES;
				CLANG_WARN_COMMA = YES;
				CLANG_WARN_CONSTANT_CONVERSION = YES;
				CLANG_WARN_DEPRECATED_OBJC_IMPLEMENTATIONS = YES;
				CLANG_WARN_DIRECT_OBJC_ISA_USAGE = YES_ERROR;
				CLANG_WARN_DOCUMENTATION_COMMENTS = YES;
				CLANG_WARN_EMPTY_BODY = YES;
				CLANG_WARN_ENUM_CONVERSION = YES;
				CLANG_WARN_INFINITE_RECURSION = YES;
				CLANG_WARN_INT_CONVERSION = YES;
				CLANG_WARN_NON_LITERAL_NULL_CONVERSION = YES;
				CLANG_WARN_OBJC_IMPLICIT_RETAIN_SELF = YES;
				CLANG_WARN_OBJC_LITERAL_CONVERSION = YES;
				CLANG_WARN_OBJC_ROOT_CLASS = YES_ERROR;
				CLANG_WARN_RANGE_LOOP_ANALYSIS = YES;
				CLANG_WARN_STRICT_PROTOTYPES = YES;
				CLANG_WARN_SUSPICIOUS_MOVE = YES;
				CLANG_WARN_UNGUARDED_AVAILABILITY = YES_AGGRESSIVE;
				CLANG_WARN_UNREACHABLE_CODE = YES;
				CLANG_WARN__DUPLICATE_METHOD_MATCH = YES;
				CODE_SIGN_IDENTITY = "iPhone Developer";
				COPY_PHASE_STRIP = NO;
				DEBUG_INFORMATION_FORMAT = "dwarf-with-dsym";
				ENABLE_NS_ASSERTIONS = NO;
				ENABLE_STRICT_OBJC_MSGSEND = YES;
				GCC_C_LANGUAGE_STANDARD = gnu11;
				GCC_NO_COMMON_BLOCKS = YES;
				GCC_WARN_64_TO_32_BIT_CONVERSION = YES;
				GCC_WARN_ABOUT_RETURN_TYPE = YES_ERROR;
				GCC_WARN_UNDECLARED_SELECTOR = YES;
				GCC_WARN_UNINITIALIZED_AUTOS = YES_AGGRESSIVE;
				GCC_WARN_UNUSED_FUNCTION = YES;
				GCC_WARN_UNUSED_VARIABLE = YES;
				IPHONEOS_DEPLOYMENT_TARGET = 11.4;
				MTL_ENABLE_DEBUG_INFO = NO;
				SDKROOT = iphoneos;
				SWIFT_COMPILATION_MODE = wholemodule;
				SWIFT_OPTIMIZATION_LEVEL = "-O";
				VALIDATE_PRODUCT = YES;
			};
			name = Release;
		};
		47B9B588210CDBE3004E0F32 /* Debug */ = {
			isa = XCBuildConfiguration;
			baseConfigurationReference = A6C0E3CC4ACE2CFDD5F9B8B3 /* Pods-Diary.debug.xcconfig */;
			buildSettings = {
				ASSETCATALOG_COMPILER_APPICON_NAME = AppIcon;
				CODE_SIGN_STYLE = Automatic;
				DEVELOPMENT_TEAM = B7MN8DCB97;
				INFOPLIST_FILE = Diary/Info.plist;
				LD_RUNPATH_SEARCH_PATHS = (
					"$(inherited)",
					"@executable_path/Frameworks",
				);
				PRODUCT_BUNDLE_IDENTIFIER = aleksandr.tsebrii.Diary;
				PRODUCT_NAME = "$(TARGET_NAME)";
				SWIFT_VERSION = 4.2;
				TARGETED_DEVICE_FAMILY = 1;
			};
			name = Debug;
		};
		47B9B589210CDBE3004E0F32 /* Release */ = {
			isa = XCBuildConfiguration;
			baseConfigurationReference = 23AA704AA4AB678B1F95A19C /* Pods-Diary.release.xcconfig */;
			buildSettings = {
				ASSETCATALOG_COMPILER_APPICON_NAME = AppIcon;
				CODE_SIGN_STYLE = Automatic;
				DEVELOPMENT_TEAM = B7MN8DCB97;
				INFOPLIST_FILE = Diary/Info.plist;
				LD_RUNPATH_SEARCH_PATHS = (
					"$(inherited)",
					"@executable_path/Frameworks",
				);
				PRODUCT_BUNDLE_IDENTIFIER = aleksandr.tsebrii.Diary;
				PRODUCT_NAME = "$(TARGET_NAME)";
				SWIFT_VERSION = 4.2;
				TARGETED_DEVICE_FAMILY = 1;
			};
			name = Release;
		};
/* End XCBuildConfiguration section */

/* Begin XCConfigurationList section */
		47B9B570210CDBE3004E0F32 /* Build configuration list for PBXProject "Diary" */ = {
			isa = XCConfigurationList;
			buildConfigurations = (
				47B9B585210CDBE3004E0F32 /* Debug */,
				47B9B586210CDBE3004E0F32 /* Release */,
			);
			defaultConfigurationIsVisible = 0;
			defaultConfigurationName = Release;
		};
		47B9B587210CDBE3004E0F32 /* Build configuration list for PBXNativeTarget "Diary" */ = {
			isa = XCConfigurationList;
			buildConfigurations = (
				47B9B588210CDBE3004E0F32 /* Debug */,
				47B9B589210CDBE3004E0F32 /* Release */,
			);
			defaultConfigurationIsVisible = 0;
			defaultConfigurationName = Release;
		};
/* End XCConfigurationList section */

/* Begin XCVersionGroup section */
		47192B53215927D400C24E72 /* Diary.xcdatamodeld */ = {
			isa = XCVersionGroup;
			children = (
				47192B54215927D400C24E72 /* Diary.xcdatamodel */,
			);
			currentVersion = 47192B54215927D400C24E72 /* Diary.xcdatamodel */;
			path = Diary.xcdatamodeld;
			sourceTree = "<group>";
			versionGroupType = wrapper.xcdatamodel;
		};
/* End XCVersionGroup section */
	};
	rootObject = 47B9B56D210CDBE3004E0F32 /* Project object */;
}
